// !$*UTF8*$!
{
	archiveVersion = 1;
	classes = {
	};
	objectVersion = 51;
	objects = {

/* Begin PBXBuildFile section */
		00615F3CF11ADD7C5FC13306 /* Pods_ComponentsSample_ComponentsSampleUITests.framework in Frameworks */ = {isa = PBXBuildFile; fileRef = E91E4B9FDFC33CAA2117DD72 /* Pods_ComponentsSample_ComponentsSampleUITests.framework */; };
		1DDFA8D7AFC970D084DAF418 /* Pods_ComponentsSampleTests.framework in Frameworks */ = {isa = PBXBuildFile; fileRef = 592234025ECEDD75BAECB5AB /* Pods_ComponentsSampleTests.framework */; };
		363C7BCA59D79A11E00A63C1 /* Pods_ComponentsSample.framework in Frameworks */ = {isa = PBXBuildFile; fileRef = 8693FB2909120CD29E4B10BC /* Pods_ComponentsSample.framework */; };
		507CDAC224C39B6400544B53 /* AppDelegate.swift in Sources */ = {isa = PBXBuildFile; fileRef = 507CDAC124C39B6400544B53 /* AppDelegate.swift */; };
		507CDAC424C39B6400544B53 /* SceneDelegate.swift in Sources */ = {isa = PBXBuildFile; fileRef = 507CDAC324C39B6400544B53 /* SceneDelegate.swift */; };
		507CDACB24C39B6B00544B53 /* Assets.xcassets in Resources */ = {isa = PBXBuildFile; fileRef = 507CDACA24C39B6B00544B53 /* Assets.xcassets */; };
		507CDACE24C39B6B00544B53 /* LaunchScreen.storyboard in Resources */ = {isa = PBXBuildFile; fileRef = 507CDACC24C39B6B00544B53 /* LaunchScreen.storyboard */; };
		507CDAD924C39B6B00544B53 /* ComponentsSampleTests.swift in Sources */ = {isa = PBXBuildFile; fileRef = 507CDAD824C39B6B00544B53 /* ComponentsSampleTests.swift */; };
		507CDAE424C39B6B00544B53 /* ComponentsSampleUITests.swift in Sources */ = {isa = PBXBuildFile; fileRef = 507CDAE324C39B6B00544B53 /* ComponentsSampleUITests.swift */; };
		507CDB0824C39F6200544B53 /* LandingTabBarViewController.swift in Sources */ = {isa = PBXBuildFile; fileRef = 507CDB0724C39F6200544B53 /* LandingTabBarViewController.swift */; };
		507CDB0B24C39FAB00544B53 /* AccountsViewController.xib in Resources */ = {isa = PBXBuildFile; fileRef = 507CDB0924C39FAB00544B53 /* AccountsViewController.xib */; };
		507CDB0C24C39FAB00544B53 /* AccountsViewController.swift in Sources */ = {isa = PBXBuildFile; fileRef = 507CDB0A24C39FAB00544B53 /* AccountsViewController.swift */; };
		507CDB1124C3A20400544B53 /* MoreViewController.swift in Sources */ = {isa = PBXBuildFile; fileRef = 507CDB0F24C3A20400544B53 /* MoreViewController.swift */; };
		507CDB1224C3A20400544B53 /* MoreViewController.xib in Resources */ = {isa = PBXBuildFile; fileRef = 507CDB1024C3A20400544B53 /* MoreViewController.xib */; };
		507CDB1924C3A58100544B53 /* AccountsTableViewCell.swift in Sources */ = {isa = PBXBuildFile; fileRef = 507CDB1724C3A58100544B53 /* AccountsTableViewCell.swift */; };
		507CDB1A24C3A58100544B53 /* AccountsTableViewCell.xib in Resources */ = {isa = PBXBuildFile; fileRef = 507CDB1824C3A58100544B53 /* AccountsTableViewCell.xib */; };
		507CDB1D24C3A64400544B53 /* AccountsTableHeaderView.swift in Sources */ = {isa = PBXBuildFile; fileRef = 507CDB1C24C3A64400544B53 /* AccountsTableHeaderView.swift */; };
		507CDB1F24C3A65B00544B53 /* AccountsTableHeaderView.xib in Resources */ = {isa = PBXBuildFile; fileRef = 507CDB1E24C3A65B00544B53 /* AccountsTableHeaderView.xib */; };
		507CDB2D24C3B48900544B53 /* Accounts.json in Resources */ = {isa = PBXBuildFile; fileRef = 507CDB2C24C3B48900544B53 /* Accounts.json */; };
		507CDB3824C3B8F400544B53 /* AccountsViewModel.swift in Sources */ = {isa = PBXBuildFile; fileRef = 507CDB3724C3B8F400544B53 /* AccountsViewModel.swift */; };
		507CDB3A24C3B94F00544B53 /* Accounts.swift in Sources */ = {isa = PBXBuildFile; fileRef = 507CDB3924C3B94F00544B53 /* Accounts.swift */; };
		507CDB3C24C3BC3700544B53 /* UITableView+Additions.swift in Sources */ = {isa = PBXBuildFile; fileRef = 507CDB3B24C3BC3700544B53 /* UITableView+Additions.swift */; };
/* End PBXBuildFile section */

/* Begin PBXContainerItemProxy section */
		507CDAD524C39B6B00544B53 /* PBXContainerItemProxy */ = {
			isa = PBXContainerItemProxy;
			containerPortal = 507CDAB624C39B6300544B53 /* Project object */;
			proxyType = 1;
			remoteGlobalIDString = 507CDABD24C39B6300544B53;
			remoteInfo = ComponentsSample;
		};
		507CDAE024C39B6B00544B53 /* PBXContainerItemProxy */ = {
			isa = PBXContainerItemProxy;
			containerPortal = 507CDAB624C39B6300544B53 /* Project object */;
			proxyType = 1;
			remoteGlobalIDString = 507CDABD24C39B6300544B53;
			remoteInfo = ComponentsSample;
		};
/* End PBXContainerItemProxy section */

/* Begin PBXFileReference section */
		1C341D90BFE185EDF557E47B /* Pods-ComponentsSample.debug.xcconfig */ = {isa = PBXFileReference; includeInIndex = 1; lastKnownFileType = text.xcconfig; name = "Pods-ComponentsSample.debug.xcconfig"; path = "Target Support Files/Pods-ComponentsSample/Pods-ComponentsSample.debug.xcconfig"; sourceTree = "<group>"; };
		505A039424C6139B00CA5795 /* nl */ = {isa = PBXFileReference; lastKnownFileType = text.plist.strings; name = nl; path = nl.lproj/LaunchScreen.strings; sourceTree = "<group>"; };
		507CDABE24C39B6300544B53 /* ComponentsSample.app */ = {isa = PBXFileReference; explicitFileType = wrapper.application; includeInIndex = 0; path = ComponentsSample.app; sourceTree = BUILT_PRODUCTS_DIR; };
		507CDAC124C39B6400544B53 /* AppDelegate.swift */ = {isa = PBXFileReference; lastKnownFileType = sourcecode.swift; path = AppDelegate.swift; sourceTree = "<group>"; };
		507CDAC324C39B6400544B53 /* SceneDelegate.swift */ = {isa = PBXFileReference; lastKnownFileType = sourcecode.swift; path = SceneDelegate.swift; sourceTree = "<group>"; };
		507CDACA24C39B6B00544B53 /* Assets.xcassets */ = {isa = PBXFileReference; lastKnownFileType = folder.assetcatalog; path = Assets.xcassets; sourceTree = "<group>"; };
		507CDACD24C39B6B00544B53 /* Base */ = {isa = PBXFileReference; lastKnownFileType = file.storyboard; name = Base; path = Base.lproj/LaunchScreen.storyboard; sourceTree = "<group>"; };
		507CDACF24C39B6B00544B53 /* Info.plist */ = {isa = PBXFileReference; lastKnownFileType = text.plist.xml; path = Info.plist; sourceTree = "<group>"; };
		507CDAD424C39B6B00544B53 /* ComponentsSampleTests.xctest */ = {isa = PBXFileReference; explicitFileType = wrapper.cfbundle; includeInIndex = 0; path = ComponentsSampleTests.xctest; sourceTree = BUILT_PRODUCTS_DIR; };
		507CDAD824C39B6B00544B53 /* ComponentsSampleTests.swift */ = {isa = PBXFileReference; lastKnownFileType = sourcecode.swift; path = ComponentsSampleTests.swift; sourceTree = "<group>"; };
		507CDADA24C39B6B00544B53 /* Info.plist */ = {isa = PBXFileReference; lastKnownFileType = text.plist.xml; path = Info.plist; sourceTree = "<group>"; };
		507CDADF24C39B6B00544B53 /* ComponentsSampleUITests.xctest */ = {isa = PBXFileReference; explicitFileType = wrapper.cfbundle; includeInIndex = 0; path = ComponentsSampleUITests.xctest; sourceTree = BUILT_PRODUCTS_DIR; };
		507CDAE324C39B6B00544B53 /* ComponentsSampleUITests.swift */ = {isa = PBXFileReference; lastKnownFileType = sourcecode.swift; path = ComponentsSampleUITests.swift; sourceTree = "<group>"; };
		507CDAE524C39B6B00544B53 /* Info.plist */ = {isa = PBXFileReference; lastKnownFileType = text.plist.xml; path = Info.plist; sourceTree = "<group>"; };
		507CDB0724C39F6200544B53 /* LandingTabBarViewController.swift */ = {isa = PBXFileReference; lastKnownFileType = sourcecode.swift; name = LandingTabBarViewController.swift; path = LandingTabBarController/LandingTabBarViewController.swift; sourceTree = "<group>"; };
		507CDB0924C39FAB00544B53 /* AccountsViewController.xib */ = {isa = PBXFileReference; fileEncoding = 4; lastKnownFileType = file.xib; name = AccountsViewController.xib; path = AccountsViewController/AccountsViewController.xib; sourceTree = "<group>"; };
		507CDB0A24C39FAB00544B53 /* AccountsViewController.swift */ = {isa = PBXFileReference; fileEncoding = 4; lastKnownFileType = sourcecode.swift; name = AccountsViewController.swift; path = AccountsViewController/AccountsViewController.swift; sourceTree = "<group>"; };
		507CDB0F24C3A20400544B53 /* MoreViewController.swift */ = {isa = PBXFileReference; lastKnownFileType = sourcecode.swift; path = MoreViewController.swift; sourceTree = "<group>"; };
		507CDB1024C3A20400544B53 /* MoreViewController.xib */ = {isa = PBXFileReference; lastKnownFileType = file.xib; path = MoreViewController.xib; sourceTree = "<group>"; };
		507CDB1724C3A58100544B53 /* AccountsTableViewCell.swift */ = {isa = PBXFileReference; lastKnownFileType = sourcecode.swift; path = AccountsTableViewCell.swift; sourceTree = "<group>"; };
		507CDB1824C3A58100544B53 /* AccountsTableViewCell.xib */ = {isa = PBXFileReference; lastKnownFileType = file.xib; path = AccountsTableViewCell.xib; sourceTree = "<group>"; };
		507CDB1C24C3A64400544B53 /* AccountsTableHeaderView.swift */ = {isa = PBXFileReference; lastKnownFileType = sourcecode.swift; path = AccountsTableHeaderView.swift; sourceTree = "<group>"; };
		507CDB1E24C3A65B00544B53 /* AccountsTableHeaderView.xib */ = {isa = PBXFileReference; lastKnownFileType = file.xib; path = AccountsTableHeaderView.xib; sourceTree = "<group>"; };
		507CDB2C24C3B48900544B53 /* Accounts.json */ = {isa = PBXFileReference; fileEncoding = 4; lastKnownFileType = text.json; name = Accounts.json; path = ComponentsSample/Accounts.json; sourceTree = "<group>"; };
		507CDB3724C3B8F400544B53 /* AccountsViewModel.swift */ = {isa = PBXFileReference; fileEncoding = 4; lastKnownFileType = sourcecode.swift; name = AccountsViewModel.swift; path = ViewModels/Accounts/AccountsViewModel.swift; sourceTree = "<group>"; };
		507CDB3924C3B94F00544B53 /* Accounts.swift */ = {isa = PBXFileReference; fileEncoding = 4; lastKnownFileType = sourcecode.swift; name = Accounts.swift; path = Models/Accounts/Accounts.swift; sourceTree = "<group>"; };
		507CDB3B24C3BC3700544B53 /* UITableView+Additions.swift */ = {isa = PBXFileReference; lastKnownFileType = sourcecode.swift; path = "UITableView+Additions.swift"; sourceTree = "<group>"; };
		592234025ECEDD75BAECB5AB /* Pods_ComponentsSampleTests.framework */ = {isa = PBXFileReference; explicitFileType = wrapper.framework; includeInIndex = 0; path = Pods_ComponentsSampleTests.framework; sourceTree = BUILT_PRODUCTS_DIR; };
		83601CA75A7A613D470089E8 /* Pods-ComponentsSampleTests.release.xcconfig */ = {isa = PBXFileReference; includeInIndex = 1; lastKnownFileType = text.xcconfig; name = "Pods-ComponentsSampleTests.release.xcconfig"; path = "Target Support Files/Pods-ComponentsSampleTests/Pods-ComponentsSampleTests.release.xcconfig"; sourceTree = "<group>"; };
		8693FB2909120CD29E4B10BC /* Pods_ComponentsSample.framework */ = {isa = PBXFileReference; explicitFileType = wrapper.framework; includeInIndex = 0; path = Pods_ComponentsSample.framework; sourceTree = BUILT_PRODUCTS_DIR; };
		AC70CB8FBDD0D05661CC78B6 /* Pods-ComponentsSampleTests.debug.xcconfig */ = {isa = PBXFileReference; includeInIndex = 1; lastKnownFileType = text.xcconfig; name = "Pods-ComponentsSampleTests.debug.xcconfig"; path = "Target Support Files/Pods-ComponentsSampleTests/Pods-ComponentsSampleTests.debug.xcconfig"; sourceTree = "<group>"; };
		C1751924D29900B3CD4EEE40 /* Pods-ComponentsSample.release.xcconfig */ = {isa = PBXFileReference; includeInIndex = 1; lastKnownFileType = text.xcconfig; name = "Pods-ComponentsSample.release.xcconfig"; path = "Target Support Files/Pods-ComponentsSample/Pods-ComponentsSample.release.xcconfig"; sourceTree = "<group>"; };
		D5310951EFFC21EAA1E33DDA /* Pods-ComponentsSample-ComponentsSampleUITests.release.xcconfig */ = {isa = PBXFileReference; includeInIndex = 1; lastKnownFileType = text.xcconfig; name = "Pods-ComponentsSample-ComponentsSampleUITests.release.xcconfig"; path = "Target Support Files/Pods-ComponentsSample-ComponentsSampleUITests/Pods-ComponentsSample-ComponentsSampleUITests.release.xcconfig"; sourceTree = "<group>"; };
		E91E4B9FDFC33CAA2117DD72 /* Pods_ComponentsSample_ComponentsSampleUITests.framework */ = {isa = PBXFileReference; explicitFileType = wrapper.framework; includeInIndex = 0; path = Pods_ComponentsSample_ComponentsSampleUITests.framework; sourceTree = BUILT_PRODUCTS_DIR; };
		F02756B07D350845AC6E11BF /* Pods-ComponentsSample-ComponentsSampleUITests.debug.xcconfig */ = {isa = PBXFileReference; includeInIndex = 1; lastKnownFileType = text.xcconfig; name = "Pods-ComponentsSample-ComponentsSampleUITests.debug.xcconfig"; path = "Target Support Files/Pods-ComponentsSample-ComponentsSampleUITests/Pods-ComponentsSample-ComponentsSampleUITests.debug.xcconfig"; sourceTree = "<group>"; };
/* End PBXFileReference section */

/* Begin PBXFrameworksBuildPhase section */
		507CDABB24C39B6300544B53 /* Frameworks */ = {
			isa = PBXFrameworksBuildPhase;
			buildActionMask = 2147483647;
			files = (
				363C7BCA59D79A11E00A63C1 /* Pods_ComponentsSample.framework in Frameworks */,
			);
			runOnlyForDeploymentPostprocessing = 0;
		};
		507CDAD124C39B6B00544B53 /* Frameworks */ = {
			isa = PBXFrameworksBuildPhase;
			buildActionMask = 2147483647;
			files = (
				1DDFA8D7AFC970D084DAF418 /* Pods_ComponentsSampleTests.framework in Frameworks */,
			);
			runOnlyForDeploymentPostprocessing = 0;
		};
		507CDADC24C39B6B00544B53 /* Frameworks */ = {
			isa = PBXFrameworksBuildPhase;
			buildActionMask = 2147483647;
			files = (
				00615F3CF11ADD7C5FC13306 /* Pods_ComponentsSample_ComponentsSampleUITests.framework in Frameworks */,
			);
			runOnlyForDeploymentPostprocessing = 0;
		};
/* End PBXFrameworksBuildPhase section */

/* Begin PBXGroup section */
		2157700E5329232B343D75B7 /* Frameworks */ = {
			isa = PBXGroup;
			children = (
				8693FB2909120CD29E4B10BC /* Pods_ComponentsSample.framework */,
				E91E4B9FDFC33CAA2117DD72 /* Pods_ComponentsSample_ComponentsSampleUITests.framework */,
				592234025ECEDD75BAECB5AB /* Pods_ComponentsSampleTests.framework */,
			);
			name = Frameworks;
			sourceTree = "<group>";
		};
		4039432023EE9F2E0BEA093C /* Pods */ = {
			isa = PBXGroup;
			children = (
				1C341D90BFE185EDF557E47B /* Pods-ComponentsSample.debug.xcconfig */,
				C1751924D29900B3CD4EEE40 /* Pods-ComponentsSample.release.xcconfig */,
				F02756B07D350845AC6E11BF /* Pods-ComponentsSample-ComponentsSampleUITests.debug.xcconfig */,
				D5310951EFFC21EAA1E33DDA /* Pods-ComponentsSample-ComponentsSampleUITests.release.xcconfig */,
				AC70CB8FBDD0D05661CC78B6 /* Pods-ComponentsSampleTests.debug.xcconfig */,
				83601CA75A7A613D470089E8 /* Pods-ComponentsSampleTests.release.xcconfig */,
			);
			path = Pods;
			sourceTree = "<group>";
		};
		507CDAB524C39B6300544B53 = {
			isa = PBXGroup;
			children = (
				507CDB2C24C3B48900544B53 /* Accounts.json */,
				507CDAC024C39B6300544B53 /* ComponentsSample */,
				507CDAD724C39B6B00544B53 /* ComponentsSampleTests */,
				507CDAE224C39B6B00544B53 /* ComponentsSampleUITests */,
				507CDABF24C39B6300544B53 /* Products */,
				4039432023EE9F2E0BEA093C /* Pods */,
				2157700E5329232B343D75B7 /* Frameworks */,
			);
			sourceTree = "<group>";
		};
		507CDABF24C39B6300544B53 /* Products */ = {
			isa = PBXGroup;
			children = (
				507CDABE24C39B6300544B53 /* ComponentsSample.app */,
				507CDAD424C39B6B00544B53 /* ComponentsSampleTests.xctest */,
				507CDADF24C39B6B00544B53 /* ComponentsSampleUITests.xctest */,
			);
			name = Products;
			sourceTree = "<group>";
		};
		507CDAC024C39B6300544B53 /* ComponentsSample */ = {
			isa = PBXGroup;
			children = (
				507CDB3324C3B88100544B53 /* ViewModels */,
				507CDB3124C3B85900544B53 /* Models */,
				507CDB1324C3A51800544B53 /* Views */,
				507CDB0224C39DEA00544B53 /* Extensions */,
				507CDAF124C39C0A00544B53 /* ViewControllers */,
				507CDAC124C39B6400544B53 /* AppDelegate.swift */,
				507CDAC324C39B6400544B53 /* SceneDelegate.swift */,
				507CDACA24C39B6B00544B53 /* Assets.xcassets */,
				507CDACC24C39B6B00544B53 /* LaunchScreen.storyboard */,
				507CDACF24C39B6B00544B53 /* Info.plist */,
			);
			path = ComponentsSample;
			sourceTree = "<group>";
		};
		507CDAD724C39B6B00544B53 /* ComponentsSampleTests */ = {
			isa = PBXGroup;
			children = (
				507CDAD824C39B6B00544B53 /* ComponentsSampleTests.swift */,
				507CDADA24C39B6B00544B53 /* Info.plist */,
			);
			path = ComponentsSampleTests;
			sourceTree = "<group>";
		};
		507CDAE224C39B6B00544B53 /* ComponentsSampleUITests */ = {
			isa = PBXGroup;
			children = (
				507CDAE324C39B6B00544B53 /* ComponentsSampleUITests.swift */,
				507CDAE524C39B6B00544B53 /* Info.plist */,
			);
			path = ComponentsSampleUITests;
			sourceTree = "<group>";
		};
		507CDAF124C39C0A00544B53 /* ViewControllers */ = {
			isa = PBXGroup;
			children = (
				507CDB0E24C3A1F300544B53 /* MoreViewController */,
				507CDB0624C39ECF00544B53 /* LandingTabBarViewController */,
				507CDAF624C39C6E00544B53 /* AccountsViewController */,
			);
			path = ViewControllers;
			sourceTree = "<group>";
		};
		507CDAF624C39C6E00544B53 /* AccountsViewController */ = {
			isa = PBXGroup;
			children = (
				507CDB0A24C39FAB00544B53 /* AccountsViewController.swift */,
				507CDB0924C39FAB00544B53 /* AccountsViewController.xib */,
			);
			name = AccountsViewController;
			sourceTree = "<group>";
		};
		507CDB0224C39DEA00544B53 /* Extensions */ = {
			isa = PBXGroup;
			children = (
				507CDB3B24C3BC3700544B53 /* UITableView+Additions.swift */,
			);
			path = Extensions;
			sourceTree = "<group>";
		};
		507CDB0624C39ECF00544B53 /* LandingTabBarViewController */ = {
			isa = PBXGroup;
			children = (
				507CDB0724C39F6200544B53 /* LandingTabBarViewController.swift */,
			);
			name = LandingTabBarViewController;
			sourceTree = "<group>";
		};
		507CDB0E24C3A1F300544B53 /* MoreViewController */ = {
			isa = PBXGroup;
			children = (
				507CDB0F24C3A20400544B53 /* MoreViewController.swift */,
				507CDB1024C3A20400544B53 /* MoreViewController.xib */,
			);
			path = MoreViewController;
			sourceTree = "<group>";
		};
		507CDB1324C3A51800544B53 /* Views */ = {
			isa = PBXGroup;
			children = (
				507CDB1424C3A51F00544B53 /* Accounts */,
			);
			path = Views;
			sourceTree = "<group>";
		};
		507CDB1424C3A51F00544B53 /* Accounts */ = {
			isa = PBXGroup;
			children = (
				507CDB1B24C3A5C700544B53 /* AccountsTableHeaderView */,
				507CDB1624C3A53000544B53 /* AccountsTableViewCell */,
			);
			path = Accounts;
			sourceTree = "<group>";
		};
		507CDB1624C3A53000544B53 /* AccountsTableViewCell */ = {
			isa = PBXGroup;
			children = (
				507CDB1724C3A58100544B53 /* AccountsTableViewCell.swift */,
				507CDB1824C3A58100544B53 /* AccountsTableViewCell.xib */,
			);
			path = AccountsTableViewCell;
			sourceTree = "<group>";
		};
		507CDB1B24C3A5C700544B53 /* AccountsTableHeaderView */ = {
			isa = PBXGroup;
			children = (
				507CDB1C24C3A64400544B53 /* AccountsTableHeaderView.swift */,
				507CDB1E24C3A65B00544B53 /* AccountsTableHeaderView.xib */,
			);
			path = AccountsTableHeaderView;
			sourceTree = "<group>";
		};
		507CDB3124C3B85900544B53 /* Models */ = {
			isa = PBXGroup;
			children = (
				507CDB3224C3B86000544B53 /* Accounts */,
			);
			name = Models;
			sourceTree = "<group>";
		};
		507CDB3224C3B86000544B53 /* Accounts */ = {
			isa = PBXGroup;
			children = (
				507CDB3924C3B94F00544B53 /* Accounts.swift */,
			);
			name = Accounts;
			sourceTree = "<group>";
		};
		507CDB3324C3B88100544B53 /* ViewModels */ = {
			isa = PBXGroup;
			children = (
				507CDB3424C3B88E00544B53 /* Accounts */,
			);
			name = ViewModels;
			sourceTree = "<group>";
		};
		507CDB3424C3B88E00544B53 /* Accounts */ = {
			isa = PBXGroup;
			children = (
				507CDB3724C3B8F400544B53 /* AccountsViewModel.swift */,
			);
			name = Accounts;
			sourceTree = "<group>";
		};
/* End PBXGroup section */

/* Begin PBXNativeTarget section */
		507CDABD24C39B6300544B53 /* ComponentsSample */ = {
			isa = PBXNativeTarget;
			buildConfigurationList = 507CDAE824C39B6B00544B53 /* Build configuration list for PBXNativeTarget "ComponentsSample" */;
			buildPhases = (
				B3B2B62F481ED9DEBEE5A1CF /* [CP] Check Pods Manifest.lock */,
				507CDABA24C39B6300544B53 /* Sources */,
				507CDABB24C39B6300544B53 /* Frameworks */,
				507CDABC24C39B6300544B53 /* Resources */,
				2CF13FE65D6CC1022A4807E4 /* [CP] Embed Pods Frameworks */,
			);
			buildRules = (
			);
			dependencies = (
			);
			name = ComponentsSample;
			productName = ComponentsSample;
			productReference = 507CDABE24C39B6300544B53 /* ComponentsSample.app */;
			productType = "com.apple.product-type.application";
		};
		507CDAD324C39B6B00544B53 /* ComponentsSampleTests */ = {
			isa = PBXNativeTarget;
			buildConfigurationList = 507CDAEB24C39B6B00544B53 /* Build configuration list for PBXNativeTarget "ComponentsSampleTests" */;
			buildPhases = (
				BA10047513D8D7C1B75EAACD /* [CP] Check Pods Manifest.lock */,
				507CDAD024C39B6B00544B53 /* Sources */,
				507CDAD124C39B6B00544B53 /* Frameworks */,
				507CDAD224C39B6B00544B53 /* Resources */,
			);
			buildRules = (
			);
			dependencies = (
				507CDAD624C39B6B00544B53 /* PBXTargetDependency */,
			);
			name = ComponentsSampleTests;
			productName = ComponentsSampleTests;
			productReference = 507CDAD424C39B6B00544B53 /* ComponentsSampleTests.xctest */;
			productType = "com.apple.product-type.bundle.unit-test";
		};
		507CDADE24C39B6B00544B53 /* ComponentsSampleUITests */ = {
			isa = PBXNativeTarget;
			buildConfigurationList = 507CDAEE24C39B6B00544B53 /* Build configuration list for PBXNativeTarget "ComponentsSampleUITests" */;
			buildPhases = (
				6CE5B6D8B8CBF9A8D63603C6 /* [CP] Check Pods Manifest.lock */,
				507CDADB24C39B6B00544B53 /* Sources */,
				507CDADC24C39B6B00544B53 /* Frameworks */,
				507CDADD24C39B6B00544B53 /* Resources */,
				39C1C9A2D8F9301714458176 /* [CP] Embed Pods Frameworks */,
			);
			buildRules = (
			);
			dependencies = (
				507CDAE124C39B6B00544B53 /* PBXTargetDependency */,
			);
			name = ComponentsSampleUITests;
			productName = ComponentsSampleUITests;
			productReference = 507CDADF24C39B6B00544B53 /* ComponentsSampleUITests.xctest */;
			productType = "com.apple.product-type.bundle.ui-testing";
		};
/* End PBXNativeTarget section */

/* Begin PBXProject section */
		507CDAB624C39B6300544B53 /* Project object */ = {
			isa = PBXProject;
			attributes = {
				LastSwiftUpdateCheck = 1150;
				LastUpgradeCheck = 1150;
				ORGANIZATIONNAME = Tekhsters;
				TargetAttributes = {
					507CDABD24C39B6300544B53 = {
						CreatedOnToolsVersion = 11.5;
					};
					507CDAD324C39B6B00544B53 = {
						CreatedOnToolsVersion = 11.5;
						TestTargetID = 507CDABD24C39B6300544B53;
					};
					507CDADE24C39B6B00544B53 = {
						CreatedOnToolsVersion = 11.5;
						TestTargetID = 507CDABD24C39B6300544B53;
					};
				};
			};
			buildConfigurationList = 507CDAB924C39B6300544B53 /* Build configuration list for PBXProject "ComponentsSample" */;
			compatibilityVersion = "Xcode 9.3";
			developmentRegion = en;
			hasScannedForEncodings = 0;
			knownRegions = (
				en,
				Base,
				nl,
			);
			mainGroup = 507CDAB524C39B6300544B53;
			productRefGroup = 507CDABF24C39B6300544B53 /* Products */;
			projectDirPath = "";
			projectRoot = "";
			targets = (
				507CDABD24C39B6300544B53 /* ComponentsSample */,
				507CDAD324C39B6B00544B53 /* ComponentsSampleTests */,
				507CDADE24C39B6B00544B53 /* ComponentsSampleUITests */,
			);
		};
/* End PBXProject section */

/* Begin PBXResourcesBuildPhase section */
		507CDABC24C39B6300544B53 /* Resources */ = {
			isa = PBXResourcesBuildPhase;
			buildActionMask = 2147483647;
			files = (
				507CDB1F24C3A65B00544B53 /* AccountsTableHeaderView.xib in Resources */,
				507CDACE24C39B6B00544B53 /* LaunchScreen.storyboard in Resources */,
				507CDB1224C3A20400544B53 /* MoreViewController.xib in Resources */,
				507CDB0B24C39FAB00544B53 /* AccountsViewController.xib in Resources */,
				507CDB1A24C3A58100544B53 /* AccountsTableViewCell.xib in Resources */,
				507CDACB24C39B6B00544B53 /* Assets.xcassets in Resources */,
				507CDB2D24C3B48900544B53 /* Accounts.json in Resources */,
			);
			runOnlyForDeploymentPostprocessing = 0;
		};
		507CDAD224C39B6B00544B53 /* Resources */ = {
			isa = PBXResourcesBuildPhase;
			buildActionMask = 2147483647;
			files = (
			);
			runOnlyForDeploymentPostprocessing = 0;
		};
		507CDADD24C39B6B00544B53 /* Resources */ = {
			isa = PBXResourcesBuildPhase;
			buildActionMask = 2147483647;
			files = (
			);
			runOnlyForDeploymentPostprocessing = 0;
		};
/* End PBXResourcesBuildPhase section */

/* Begin PBXShellScriptBuildPhase section */
		2CF13FE65D6CC1022A4807E4 /* [CP] Embed Pods Frameworks */ = {
			isa = PBXShellScriptBuildPhase;
			buildActionMask = 2147483647;
			files = (
			);
			inputFileListPaths = (
				"${PODS_ROOT}/Target Support Files/Pods-ComponentsSample/Pods-ComponentsSample-frameworks-${CONFIGURATION}-input-files.xcfilelist",
			);
			name = "[CP] Embed Pods Frameworks";
			outputFileListPaths = (
				"${PODS_ROOT}/Target Support Files/Pods-ComponentsSample/Pods-ComponentsSample-frameworks-${CONFIGURATION}-output-files.xcfilelist",
			);
			runOnlyForDeploymentPostprocessing = 0;
			shellPath = /bin/sh;
			shellScript = "\"${PODS_ROOT}/Target Support Files/Pods-ComponentsSample/Pods-ComponentsSample-frameworks.sh\"\n";
			showEnvVarsInLog = 0;
		};
		39C1C9A2D8F9301714458176 /* [CP] Embed Pods Frameworks */ = {
			isa = PBXShellScriptBuildPhase;
			buildActionMask = 2147483647;
			files = (
			);
			inputFileListPaths = (
				"${PODS_ROOT}/Target Support Files/Pods-ComponentsSample-ComponentsSampleUITests/Pods-ComponentsSample-ComponentsSampleUITests-frameworks-${CONFIGURATION}-input-files.xcfilelist",
			);
			name = "[CP] Embed Pods Frameworks";
			outputFileListPaths = (
				"${PODS_ROOT}/Target Support Files/Pods-ComponentsSample-ComponentsSampleUITests/Pods-ComponentsSample-ComponentsSampleUITests-frameworks-${CONFIGURATION}-output-files.xcfilelist",
			);
			runOnlyForDeploymentPostprocessing = 0;
			shellPath = /bin/sh;
			shellScript = "\"${PODS_ROOT}/Target Support Files/Pods-ComponentsSample-ComponentsSampleUITests/Pods-ComponentsSample-ComponentsSampleUITests-frameworks.sh\"\n";
			showEnvVarsInLog = 0;
		};
		6CE5B6D8B8CBF9A8D63603C6 /* [CP] Check Pods Manifest.lock */ = {
			isa = PBXShellScriptBuildPhase;
			buildActionMask = 2147483647;
			files = (
			);
			inputFileListPaths = (
			);
			inputPaths = (
				"${PODS_PODFILE_DIR_PATH}/Podfile.lock",
				"${PODS_ROOT}/Manifest.lock",
			);
			name = "[CP] Check Pods Manifest.lock";
			outputFileListPaths = (
			);
			outputPaths = (
				"$(DERIVED_FILE_DIR)/Pods-ComponentsSample-ComponentsSampleUITests-checkManifestLockResult.txt",
			);
			runOnlyForDeploymentPostprocessing = 0;
			shellPath = /bin/sh;
			shellScript = "diff \"${PODS_PODFILE_DIR_PATH}/Podfile.lock\" \"${PODS_ROOT}/Manifest.lock\" > /dev/null\nif [ $? != 0 ] ; then\n    # print error to STDERR\n    echo \"error: The sandbox is not in sync with the Podfile.lock. Run 'pod install' or update your CocoaPods installation.\" >&2\n    exit 1\nfi\n# This output is used by Xcode 'outputs' to avoid re-running this script phase.\necho \"SUCCESS\" > \"${SCRIPT_OUTPUT_FILE_0}\"\n";
			showEnvVarsInLog = 0;
		};
		B3B2B62F481ED9DEBEE5A1CF /* [CP] Check Pods Manifest.lock */ = {
			isa = PBXShellScriptBuildPhase;
			buildActionMask = 2147483647;
			files = (
			);
			inputFileListPaths = (
			);
			inputPaths = (
				"${PODS_PODFILE_DIR_PATH}/Podfile.lock",
				"${PODS_ROOT}/Manifest.lock",
			);
			name = "[CP] Check Pods Manifest.lock";
			outputFileListPaths = (
			);
			outputPaths = (
				"$(DERIVED_FILE_DIR)/Pods-ComponentsSample-checkManifestLockResult.txt",
			);
			runOnlyForDeploymentPostprocessing = 0;
			shellPath = /bin/sh;
			shellScript = "diff \"${PODS_PODFILE_DIR_PATH}/Podfile.lock\" \"${PODS_ROOT}/Manifest.lock\" > /dev/null\nif [ $? != 0 ] ; then\n    # print error to STDERR\n    echo \"error: The sandbox is not in sync with the Podfile.lock. Run 'pod install' or update your CocoaPods installation.\" >&2\n    exit 1\nfi\n# This output is used by Xcode 'outputs' to avoid re-running this script phase.\necho \"SUCCESS\" > \"${SCRIPT_OUTPUT_FILE_0}\"\n";
			showEnvVarsInLog = 0;
		};
		BA10047513D8D7C1B75EAACD /* [CP] Check Pods Manifest.lock */ = {
			isa = PBXShellScriptBuildPhase;
			buildActionMask = 2147483647;
			files = (
			);
			inputFileListPaths = (
			);
			inputPaths = (
				"${PODS_PODFILE_DIR_PATH}/Podfile.lock",
				"${PODS_ROOT}/Manifest.lock",
			);
			name = "[CP] Check Pods Manifest.lock";
			outputFileListPaths = (
			);
			outputPaths = (
				"$(DERIVED_FILE_DIR)/Pods-ComponentsSampleTests-checkManifestLockResult.txt",
			);
			runOnlyForDeploymentPostprocessing = 0;
			shellPath = /bin/sh;
			shellScript = "diff \"${PODS_PODFILE_DIR_PATH}/Podfile.lock\" \"${PODS_ROOT}/Manifest.lock\" > /dev/null\nif [ $? != 0 ] ; then\n    # print error to STDERR\n    echo \"error: The sandbox is not in sync with the Podfile.lock. Run 'pod install' or update your CocoaPods installation.\" >&2\n    exit 1\nfi\n# This output is used by Xcode 'outputs' to avoid re-running this script phase.\necho \"SUCCESS\" > \"${SCRIPT_OUTPUT_FILE_0}\"\n";
			showEnvVarsInLog = 0;
		};
/* End PBXShellScriptBuildPhase section */

/* Begin PBXSourcesBuildPhase section */
		507CDABA24C39B6300544B53 /* Sources */ = {
			isa = PBXSourcesBuildPhase;
			buildActionMask = 2147483647;
			files = (
				507CDAC224C39B6400544B53 /* AppDelegate.swift in Sources */,
				507CDAC424C39B6400544B53 /* SceneDelegate.swift in Sources */,
				507CDB0824C39F6200544B53 /* LandingTabBarViewController.swift in Sources */,
				507CDB1924C3A58100544B53 /* AccountsTableViewCell.swift in Sources */,
				507CDB1D24C3A64400544B53 /* AccountsTableHeaderView.swift in Sources */,
				507CDB1124C3A20400544B53 /* MoreViewController.swift in Sources */,
				507CDB3C24C3BC3700544B53 /* UITableView+Additions.swift in Sources */,
				507CDB3A24C3B94F00544B53 /* Accounts.swift in Sources */,
				507CDB0C24C39FAB00544B53 /* AccountsViewController.swift in Sources */,
				507CDB3824C3B8F400544B53 /* AccountsViewModel.swift in Sources */,
			);
			runOnlyForDeploymentPostprocessing = 0;
		};
		507CDAD024C39B6B00544B53 /* Sources */ = {
			isa = PBXSourcesBuildPhase;
			buildActionMask = 2147483647;
			files = (
				507CDAD924C39B6B00544B53 /* ComponentsSampleTests.swift in Sources */,
			);
			runOnlyForDeploymentPostprocessing = 0;
		};
		507CDADB24C39B6B00544B53 /* Sources */ = {
			isa = PBXSourcesBuildPhase;
			buildActionMask = 2147483647;
			files = (
				507CDAE424C39B6B00544B53 /* ComponentsSampleUITests.swift in Sources */,
			);
			runOnlyForDeploymentPostprocessing = 0;
		};
/* End PBXSourcesBuildPhase section */

/* Begin PBXTargetDependency section */
		507CDAD624C39B6B00544B53 /* PBXTargetDependency */ = {
			isa = PBXTargetDependency;
			target = 507CDABD24C39B6300544B53 /* ComponentsSample */;
			targetProxy = 507CDAD524C39B6B00544B53 /* PBXContainerItemProxy */;
		};
		507CDAE124C39B6B00544B53 /* PBXTargetDependency */ = {
			isa = PBXTargetDependency;
			target = 507CDABD24C39B6300544B53 /* ComponentsSample */;
			targetProxy = 507CDAE024C39B6B00544B53 /* PBXContainerItemProxy */;
		};
/* End PBXTargetDependency section */

/* Begin PBXVariantGroup section */
		507CDACC24C39B6B00544B53 /* LaunchScreen.storyboard */ = {
			isa = PBXVariantGroup;
			children = (
				507CDACD24C39B6B00544B53 /* Base */,
				505A039424C6139B00CA5795 /* nl */,
			);
			name = LaunchScreen.storyboard;
			sourceTree = "<group>";
		};
/* End PBXVariantGroup section */

/* Begin XCBuildConfiguration section */
		507CDAE624C39B6B00544B53 /* Debug */ = {
			isa = XCBuildConfiguration;
			buildSettings = {
				ALWAYS_SEARCH_USER_PATHS = NO;
				CLANG_ANALYZER_LOCALIZABILITY_NONLOCALIZED = YES;
				CLANG_ANALYZER_NONNULL = YES;
				CLANG_ANALYZER_NUMBER_OBJECT_CONVERSION = YES_AGGRESSIVE;
				CLANG_CXX_LANGUAGE_STANDARD = "gnu++14";
				CLANG_CXX_LIBRARY = "libc++";
				CLANG_ENABLE_MODULES = YES;
				CLANG_ENABLE_OBJC_ARC = YES;
				CLANG_ENABLE_OBJC_WEAK = YES;
				CLANG_WARN_BLOCK_CAPTURE_AUTORELEASING = YES;
				CLANG_WARN_BOOL_CONVERSION = YES;
				CLANG_WARN_COMMA = YES;
				CLANG_WARN_CONSTANT_CONVERSION = YES;
				CLANG_WARN_DEPRECATED_OBJC_IMPLEMENTATIONS = YES;
				CLANG_WARN_DIRECT_OBJC_ISA_USAGE = YES_ERROR;
				CLANG_WARN_DOCUMENTATION_COMMENTS = YES;
				CLANG_WARN_EMPTY_BODY = YES;
				CLANG_WARN_ENUM_CONVERSION = YES;
				CLANG_WARN_INFINITE_RECURSION = YES;
				CLANG_WARN_INT_CONVERSION = YES;
				CLANG_WARN_NON_LITERAL_NULL_CONVERSION = YES;
				CLANG_WARN_OBJC_IMPLICIT_RETAIN_SELF = YES;
				CLANG_WARN_OBJC_LITERAL_CONVERSION = YES;
				CLANG_WARN_OBJC_ROOT_CLASS = YES_ERROR;
				CLANG_WARN_RANGE_LOOP_ANALYSIS = YES;
				CLANG_WARN_STRICT_PROTOTYPES = YES;
				CLANG_WARN_SUSPICIOUS_MOVE = YES;
				CLANG_WARN_UNGUARDED_AVAILABILITY = YES_AGGRESSIVE;
				CLANG_WARN_UNREACHABLE_CODE = YES;
				CLANG_WARN__DUPLICATE_METHOD_MATCH = YES;
				COPY_PHASE_STRIP = NO;
				DEBUG_INFORMATION_FORMAT = dwarf;
				ENABLE_STRICT_OBJC_MSGSEND = YES;
				ENABLE_TESTABILITY = YES;
				GCC_C_LANGUAGE_STANDARD = gnu11;
				GCC_DYNAMIC_NO_PIC = NO;
				GCC_NO_COMMON_BLOCKS = YES;
				GCC_OPTIMIZATION_LEVEL = 0;
				GCC_PREPROCESSOR_DEFINITIONS = (
					"DEBUG=1",
					"$(inherited)",
				);
				GCC_WARN_64_TO_32_BIT_CONVERSION = YES;
				GCC_WARN_ABOUT_RETURN_TYPE = YES_ERROR;
				GCC_WARN_UNDECLARED_SELECTOR = YES;
				GCC_WARN_UNINITIALIZED_AUTOS = YES_AGGRESSIVE;
				GCC_WARN_UNUSED_FUNCTION = YES;
				GCC_WARN_UNUSED_VARIABLE = YES;
				IPHONEOS_DEPLOYMENT_TARGET = 13.5;
				MTL_ENABLE_DEBUG_INFO = INCLUDE_SOURCE;
				MTL_FAST_MATH = YES;
				ONLY_ACTIVE_ARCH = YES;
				SDKROOT = iphoneos;
				SWIFT_ACTIVE_COMPILATION_CONDITIONS = DEBUG;
				SWIFT_OPTIMIZATION_LEVEL = "-Onone";
			};
			name = Debug;
		};
		507CDAE724C39B6B00544B53 /* Release */ = {
			isa = XCBuildConfiguration;
			buildSettings = {
				ALWAYS_SEARCH_USER_PATHS = NO;
				CLANG_ANALYZER_LOCALIZABILITY_NONLOCALIZED = YES;
				CLANG_ANALYZER_NONNULL = YES;
				CLANG_ANALYZER_NUMBER_OBJECT_CONVERSION = YES_AGGRESSIVE;
				CLANG_CXX_LANGUAGE_STANDARD = "gnu++14";
				CLANG_CXX_LIBRARY = "libc++";
				CLANG_ENABLE_MODULES = YES;
				CLANG_ENABLE_OBJC_ARC = YES;
				CLANG_ENABLE_OBJC_WEAK = YES;
				CLANG_WARN_BLOCK_CAPTURE_AUTORELEASING = YES;
				CLANG_WARN_BOOL_CONVERSION = YES;
				CLANG_WARN_COMMA = YES;
				CLANG_WARN_CONSTANT_CONVERSION = YES;
				CLANG_WARN_DEPRECATED_OBJC_IMPLEMENTATIONS = YES;
				CLANG_WARN_DIRECT_OBJC_ISA_USAGE = YES_ERROR;
				CLANG_WARN_DOCUMENTATION_COMMENTS = YES;
				CLANG_WARN_EMPTY_BODY = YES;
				CLANG_WARN_ENUM_CONVERSION = YES;
				CLANG_WARN_INFINITE_RECURSION = YES;
				CLANG_WARN_INT_CONVERSION = YES;
				CLANG_WARN_NON_LITERAL_NULL_CONVERSION = YES;
				CLANG_WARN_OBJC_IMPLICIT_RETAIN_SELF = YES;
				CLANG_WARN_OBJC_LITERAL_CONVERSION = YES;
				CLANG_WARN_OBJC_ROOT_CLASS = YES_ERROR;
				CLANG_WARN_RANGE_LOOP_ANALYSIS = YES;
				CLANG_WARN_STRICT_PROTOTYPES = YES;
				CLANG_WARN_SUSPICIOUS_MOVE = YES;
				CLANG_WARN_UNGUARDED_AVAILABILITY = YES_AGGRESSIVE;
				CLANG_WARN_UNREACHABLE_CODE = YES;
				CLANG_WARN__DUPLICATE_METHOD_MATCH = YES;
				COPY_PHASE_STRIP = NO;
				DEBUG_INFORMATION_FORMAT = "dwarf-with-dsym";
				ENABLE_NS_ASSERTIONS = NO;
				ENABLE_STRICT_OBJC_MSGSEND = YES;
				GCC_C_LANGUAGE_STANDARD = gnu11;
				GCC_NO_COMMON_BLOCKS = YES;
				GCC_WARN_64_TO_32_BIT_CONVERSION = YES;
				GCC_WARN_ABOUT_RETURN_TYPE = YES_ERROR;
				GCC_WARN_UNDECLARED_SELECTOR = YES;
				GCC_WARN_UNINITIALIZED_AUTOS = YES_AGGRESSIVE;
				GCC_WARN_UNUSED_FUNCTION = YES;
				GCC_WARN_UNUSED_VARIABLE = YES;
				IPHONEOS_DEPLOYMENT_TARGET = 13.5;
				MTL_ENABLE_DEBUG_INFO = NO;
				MTL_FAST_MATH = YES;
				SDKROOT = iphoneos;
				SWIFT_COMPILATION_MODE = wholemodule;
				SWIFT_OPTIMIZATION_LEVEL = "-O";
				VALIDATE_PRODUCT = YES;
			};
			name = Release;
		};
		507CDAE924C39B6B00544B53 /* Debug */ = {
			isa = XCBuildConfiguration;
			baseConfigurationReference = 1C341D90BFE185EDF557E47B /* Pods-ComponentsSample.debug.xcconfig */;
			buildSettings = {
				ALWAYS_EMBED_SWIFT_STANDARD_LIBRARIES = "$(inherited)";
				ASSETCATALOG_COMPILER_APPICON_NAME = AppIcon;
				CODE_SIGN_STYLE = Automatic;
				DEVELOPMENT_TEAM = 24S7GZSMDV;
				INFOPLIST_FILE = ComponentsSample/Info.plist;
				LD_RUNPATH_SEARCH_PATHS = (
					"$(inherited)",
					"@executable_path/Frameworks",
				);
				PRODUCT_BUNDLE_IDENTIFIER = tekhsters.ComponentsSample;
				PRODUCT_NAME = "$(TARGET_NAME)";
				SWIFT_VERSION = 5.0;
				TARGETED_DEVICE_FAMILY = "1,2";
			};
			name = Debug;
		};
		507CDAEA24C39B6B00544B53 /* Release */ = {
			isa = XCBuildConfiguration;
			baseConfigurationReference = C1751924D29900B3CD4EEE40 /* Pods-ComponentsSample.release.xcconfig */;
			buildSettings = {
				ALWAYS_EMBED_SWIFT_STANDARD_LIBRARIES = "$(inherited)";
				ASSETCATALOG_COMPILER_APPICON_NAME = AppIcon;
				CODE_SIGN_STYLE = Automatic;
				DEVELOPMENT_TEAM = 24S7GZSMDV;
				INFOPLIST_FILE = ComponentsSample/Info.plist;
				LD_RUNPATH_SEARCH_PATHS = (
					"$(inherited)",
					"@executable_path/Frameworks",
				);
				PRODUCT_BUNDLE_IDENTIFIER = tekhsters.ComponentsSample;
				PRODUCT_NAME = "$(TARGET_NAME)";
				SWIFT_VERSION = 5.0;
				TARGETED_DEVICE_FAMILY = "1,2";
			};
			name = Release;
		};
		507CDAEC24C39B6B00544B53 /* Debug */ = {
			isa = XCBuildConfiguration;
			baseConfigurationReference = AC70CB8FBDD0D05661CC78B6 /* Pods-ComponentsSampleTests.debug.xcconfig */;
			buildSettings = {
				ALWAYS_EMBED_SWIFT_STANDARD_LIBRARIES = "$(inherited)";
				BUNDLE_LOADER = "$(TEST_HOST)";
				CODE_SIGN_STYLE = Automatic;
				DEVELOPMENT_TEAM = 24S7GZSMDV;
				INFOPLIST_FILE = ComponentsSampleTests/Info.plist;
				IPHONEOS_DEPLOYMENT_TARGET = 13.5;
				LD_RUNPATH_SEARCH_PATHS = (
					"$(inherited)",
					"@executable_path/Frameworks",
					"@loader_path/Frameworks",
				);
				PRODUCT_BUNDLE_IDENTIFIER = tekhsters.ComponentsSampleTests;
				PRODUCT_NAME = "$(TARGET_NAME)";
				SWIFT_VERSION = 5.0;
				TARGETED_DEVICE_FAMILY = "1,2";
				TEST_HOST = "$(BUILT_PRODUCTS_DIR)/ComponentsSample.app/ComponentsSample";
			};
			name = Debug;
		};
		507CDAED24C39B6B00544B53 /* Release */ = {
			isa = XCBuildConfiguration;
			baseConfigurationReference = 83601CA75A7A613D470089E8 /* Pods-ComponentsSampleTests.release.xcconfig */;
			buildSettings = {
				ALWAYS_EMBED_SWIFT_STANDARD_LIBRARIES = "$(inherited)";
				BUNDLE_LOADER = "$(TEST_HOST)";
				CODE_SIGN_STYLE = Automatic;
				DEVELOPMENT_TEAM = 24S7GZSMDV;
				INFOPLIST_FILE = ComponentsSampleTests/Info.plist;
				IPHONEOS_DEPLOYMENT_TARGET = 13.5;
				LD_RUNPATH_SEARCH_PATHS = (
					"$(inherited)",
					"@executable_path/Frameworks",
					"@loader_path/Frameworks",
				);
				PRODUCT_BUNDLE_IDENTIFIER = tekhsters.ComponentsSampleTests;
				PRODUCT_NAME = "$(TARGET_NAME)";
				SWIFT_VERSION = 5.0;
				TARGETED_DEVICE_FAMILY = "1,2";
				TEST_HOST = "$(BUILT_PRODUCTS_DIR)/ComponentsSample.app/ComponentsSample";
			};
			name = Release;
		};
		507CDAEF24C39B6B00544B53 /* Debug */ = {
			isa = XCBuildConfiguration;
			baseConfigurationReference = F02756B07D350845AC6E11BF /* Pods-ComponentsSample-ComponentsSampleUITests.debug.xcconfig */;
			buildSettings = {
				ALWAYS_EMBED_SWIFT_STANDARD_LIBRARIES = "$(inherited)";
				CODE_SIGN_STYLE = Automatic;
				DEVELOPMENT_TEAM = 24S7GZSMDV;
				INFOPLIST_FILE = ComponentsSampleUITests/Info.plist;
				LD_RUNPATH_SEARCH_PATHS = (
					"$(inherited)",
					"@executable_path/Frameworks",
					"@loader_path/Frameworks",
				);
				PRODUCT_BUNDLE_IDENTIFIER = tekhsters.ComponentsSampleUITests;
				PRODUCT_NAME = "$(TARGET_NAME)";
				SWIFT_VERSION = 5.0;
				TARGETED_DEVICE_FAMILY = "1,2";
				TEST_TARGET_NAME = ComponentsSample;
			};
			name = Debug;
		};
		507CDAF024C39B6B00544B53 /* Release */ = {
			isa = XCBuildConfiguration;
			baseConfigurationReference = D5310951EFFC21EAA1E33DDA /* Pods-ComponentsSample-ComponentsSampleUITests.release.xcconfig */;
			buildSettings = {
				ALWAYS_EMBED_SWIFT_STANDARD_LIBRARIES = "$(inherited)";
				CODE_SIGN_STYLE = Automatic;
				DEVELOPMENT_TEAM = 24S7GZSMDV;
				INFOPLIST_FILE = ComponentsSampleUITests/Info.plist;
				LD_RUNPATH_SEARCH_PATHS = (
					"$(inherited)",
					"@executable_path/Frameworks",
					"@loader_path/Frameworks",
				);
				PRODUCT_BUNDLE_IDENTIFIER = tekhsters.ComponentsSampleUITests;
				PRODUCT_NAME = "$(TARGET_NAME)";
				SWIFT_VERSION = 5.0;
				TARGETED_DEVICE_FAMILY = "1,2";
				TEST_TARGET_NAME = ComponentsSample;
			};
			name = Release;
		};
/* End XCBuildConfiguration section */

/* Begin XCConfigurationList section */
		507CDAB924C39B6300544B53 /* Build configuration list for PBXProject "ComponentsSample" */ = {
			isa = XCConfigurationList;
			buildConfigurations = (
				507CDAE624C39B6B00544B53 /* Debug */,
				507CDAE724C39B6B00544B53 /* Release */,
			);
			defaultConfigurationIsVisible = 0;
			defaultConfigurationName = Release;
		};
		507CDAE824C39B6B00544B53 /* Build configuration list for PBXNativeTarget "ComponentsSample" */ = {
			isa = XCConfigurationList;
			buildConfigurations = (
				507CDAE924C39B6B00544B53 /* Debug */,
				507CDAEA24C39B6B00544B53 /* Release */,
			);
			defaultConfigurationIsVisible = 0;
			defaultConfigurationName = Release;
		};
		507CDAEB24C39B6B00544B53 /* Build configuration list for PBXNativeTarget "ComponentsSampleTests" */ = {
			isa = XCConfigurationList;
			buildConfigurations = (
				507CDAEC24C39B6B00544B53 /* Debug */,
				507CDAED24C39B6B00544B53 /* Release */,
			);
			defaultConfigurationIsVisible = 0;
			defaultConfigurationName = Release;
		};
		507CDAEE24C39B6B00544B53 /* Build configuration list for PBXNativeTarget "ComponentsSampleUITests" */ = {
			isa = XCConfigurationList;
			buildConfigurations = (
				507CDAEF24C39B6B00544B53 /* Debug */,
				507CDAF024C39B6B00544B53 /* Release */,
			);
			defaultConfigurationIsVisible = 0;
			defaultConfigurationName = Release;
		};
/* End XCConfigurationList section */
	};
	rootObject = 507CDAB624C39B6300544B53 /* Project object */;
}
